
Microsoft Visual Studio Solution File, Format Version 12.00
# Visual Studio 15
VisualStudioVersion = 15.0.28010.2026
MinimumVisualStudioVersion = 10.0.40219.1
Project("{FAE04EC0-301F-11D3-BF4B-00C04F79EFBC}") = "EXAMENunidad3", "EXAMENunidad3\EXAMENunidad3.csproj", "{C8FB89DC-C37C-4285-B594-19B308924916}"
EndProject
Global
	GlobalSection(SolutionConfigurationPlatforms) = preSolution
		Debug|Any CPU = Debug|Any CPU
		Release|Any CPU = Release|Any CPU
	EndGlobalSection
	GlobalSection(ProjectConfigurationPlatforms) = postSolution
		{C8FB89DC-C37C-4285-B594-19B308924916}.Debug|Any CPU.ActiveCfg = Debug|Any CPU
		{C8FB89DC-C37C-4285-B594-19B308924916}.Debug|Any CPU.Build.0 = Debug|Any CPU
		{C8FB89DC-C37C-4285-B594-19B308924916}.Release|Any CPU.ActiveCfg = Release|Any CPU
		{C8FB89DC-C37C-4285-B594-19B308924916}.Release|Any CPU.Build.0 = Release|Any CPU
	EndGlobalSection
	GlobalSection(SolutionProperties) = preSolution
		HideSolutionNode = FALSE
	EndGlobalSection
	GlobalSection(ExtensibilityGlobals) = postSolution
		SolutionGuid = {5186020D-49AB-4C99-A1D9-FF0C8977828E}
	EndGlobalSection
EndGlobal
