
Microsoft Visual Studio Solution File, Format Version 12.00
# Visual Studio 15
VisualStudioVersion = 15.0.28010.2026
MinimumVisualStudioVersion = 10.0.40219.1
Project("{FAE04EC0-301F-11D3-BF4B-00C04F79EFBC}") = "BlackJack Jose Gerardo Ramirez", "BlackJack Jose Gerardo Ramirez\BlackJack Jose Gerardo Ramirez.csproj", "{A3B76160-0158-415D-BBA6-526B3737F966}"
EndProject
Global
	GlobalSection(SolutionConfigurationPlatforms) = preSolution
		Debug|Any CPU = Debug|Any CPU
		Release|Any CPU = Release|Any CPU
	EndGlobalSection
	GlobalSection(ProjectConfigurationPlatforms) = postSolution
		{A3B76160-0158-415D-BBA6-526B3737F966}.Debug|Any CPU.ActiveCfg = Debug|Any CPU
		{A3B76160-0158-415D-BBA6-526B3737F966}.Debug|Any CPU.Build.0 = Debug|Any CPU
		{A3B76160-0158-415D-BBA6-526B3737F966}.Release|Any CPU.ActiveCfg = Release|Any CPU
		{A3B76160-0158-415D-BBA6-526B3737F966}.Release|Any CPU.Build.0 = Release|Any CPU
	EndGlobalSection
	GlobalSection(SolutionProperties) = preSolution
		HideSolutionNode = FALSE
	EndGlobalSection
	GlobalSection(ExtensibilityGlobals) = postSolution
		SolutionGuid = {EA26B8B1-3E18-40C9-8354-ADA8E316744B}
	EndGlobalSection
EndGlobal
