
Microsoft Visual Studio Solution File, Format Version 12.00
# Visual Studio 15
VisualStudioVersion = 15.0.28010.2026
MinimumVisualStudioVersion = 10.0.40219.1
Project("{FAE04EC0-301F-11D3-BF4B-00C04F79EFBC}") = "Metodo Hash", "Metodo Hash\Metodo Hash.csproj", "{64B6747B-A843-4B55-9B71-6972C53213EA}"
EndProject
Global
	GlobalSection(SolutionConfigurationPlatforms) = preSolution
		Debug|Any CPU = Debug|Any CPU
		Release|Any CPU = Release|Any CPU
	EndGlobalSection
	GlobalSection(ProjectConfigurationPlatforms) = postSolution
		{64B6747B-A843-4B55-9B71-6972C53213EA}.Debug|Any CPU.ActiveCfg = Debug|Any CPU
		{64B6747B-A843-4B55-9B71-6972C53213EA}.Debug|Any CPU.Build.0 = Debug|Any CPU
		{64B6747B-A843-4B55-9B71-6972C53213EA}.Release|Any CPU.ActiveCfg = Release|Any CPU
		{64B6747B-A843-4B55-9B71-6972C53213EA}.Release|Any CPU.Build.0 = Release|Any CPU
	EndGlobalSection
	GlobalSection(SolutionProperties) = preSolution
		HideSolutionNode = FALSE
	EndGlobalSection
	GlobalSection(ExtensibilityGlobals) = postSolution
		SolutionGuid = {5819C6FE-1542-4E13-8538-D4CBBDAAF7F4}
	EndGlobalSection
EndGlobal
